
Microsoft Visual Studio Solution File, Format Version 12.00
# Visual Studio 15
VisualStudioVersion = 15.0.28307.757
MinimumVisualStudioVersion = 10.0.40219.1
Project("{FAE04EC0-301F-11D3-BF4B-00C04F79EFBC}") = "IoTHubFunctions", "IoTHubFunctions\IoTHubFunctions.csproj", "{250207E1-E969-4D7D-B356-DA7050A65539}"
EndProject
Global
	GlobalSection(SolutionConfigurationPlatforms) = preSolution
		Debug|Any CPU = Debug|Any CPU
		Release|Any CPU = Release|Any CPU
	EndGlobalSection
	GlobalSection(ProjectConfigurationPlatforms) = postSolution
		{250207E1-E969-4D7D-B356-DA7050A65539}.Debug|Any CPU.ActiveCfg = Debug|Any CPU
		{250207E1-E969-4D7D-B356-DA7050A65539}.Debug|Any CPU.Build.0 = Debug|Any CPU
		{250207E1-E969-4D7D-B356-DA7050A65539}.Release|Any CPU.ActiveCfg = Release|Any CPU
		{250207E1-E969-4D7D-B356-DA7050A65539}.Release|Any CPU.Build.0 = Release|Any CPU
	EndGlobalSection
	GlobalSection(SolutionProperties) = preSolution
		HideSolutionNode = FALSE
	EndGlobalSection
	GlobalSection(ExtensibilityGlobals) = postSolution
		SolutionGuid = {0829D1DA-AEF6-4762-93A2-459A8C35B32B}
	EndGlobalSection
EndGlobal
